// !$*UTF8*$!
{
	archiveVersion = 1;
	classes = {
	};
	objectVersion = 56;
	objects = {

/* Begin PBXBuildFile section */
		6E5BAB4D295867CF007DC369 /* Storage.swift in Sources */ = {isa = PBXBuildFile; fileRef = 6E5BAB4C295867CF007DC369 /* Storage.swift */; };
		6E5BAB4F29587DC7007DC369 /* Server.swift in Sources */ = {isa = PBXBuildFile; fileRef = 6E5BAB4E29587DC7007DC369 /* Server.swift */; };
		6E84773A2956C84A0025E440 /* Home.swift in Sources */ = {isa = PBXBuildFile; fileRef = 6E8477392956C84A0025E440 /* Home.swift */; };
		6E847741295705A10025E440 /* AppViewModel.swift in Sources */ = {isa = PBXBuildFile; fileRef = 6E847740295705A10025E440 /* AppViewModel.swift */; };
		6E9E49E62959DCC900BB25F7 /* ServerDebug.swift in Sources */ = {isa = PBXBuildFile; fileRef = 6E9E49E52959DCC900BB25F7 /* ServerDebug.swift */; };
		6E9E49E82959F9A900BB25F7 /* ServerView.swift in Sources */ = {isa = PBXBuildFile; fileRef = 6E9E49E72959F9A900BB25F7 /* ServerView.swift */; };
		6E9E49EA2959FD5A00BB25F7 /* ServerPlayers.swift in Sources */ = {isa = PBXBuildFile; fileRef = 6E9E49E92959FD5A00BB25F7 /* ServerPlayers.swift */; };
		6E9E49EC295A0CC200BB25F7 /* ServerMotd.swift in Sources */ = {isa = PBXBuildFile; fileRef = 6E9E49EB295A0CC200BB25F7 /* ServerMotd.swift */; };
		6EBCEC7B2956BBAD00D3672A /* mcviewerApp.swift in Sources */ = {isa = PBXBuildFile; fileRef = 6EBCEC7A2956BBAD00D3672A /* mcviewerApp.swift */; };
		6EBCEC7F2956BBAF00D3672A /* Assets.xcassets in Resources */ = {isa = PBXBuildFile; fileRef = 6EBCEC7E2956BBAF00D3672A /* Assets.xcassets */; };
		6EBCEC822956BBAF00D3672A /* Preview Assets.xcassets in Resources */ = {isa = PBXBuildFile; fileRef = 6EBCEC812956BBAF00D3672A /* Preview Assets.xcassets */; };
/* End PBXBuildFile section */

/* Begin PBXFileReference section */
		6E5BAB4C295867CF007DC369 /* Storage.swift */ = {isa = PBXFileReference; lastKnownFileType = sourcecode.swift; path = Storage.swift; sourceTree = "<group>"; };
		6E5BAB4E29587DC7007DC369 /* Server.swift */ = {isa = PBXFileReference; lastKnownFileType = sourcecode.swift; path = Server.swift; sourceTree = "<group>"; };
		6E8477392956C84A0025E440 /* Home.swift */ = {isa = PBXFileReference; lastKnownFileType = sourcecode.swift; path = Home.swift; sourceTree = "<group>"; };
		6E847740295705A10025E440 /* AppViewModel.swift */ = {isa = PBXFileReference; lastKnownFileType = sourcecode.swift; path = AppViewModel.swift; sourceTree = "<group>"; };
		6E9E49E52959DCC900BB25F7 /* ServerDebug.swift */ = {isa = PBXFileReference; lastKnownFileType = sourcecode.swift; path = ServerDebug.swift; sourceTree = "<group>"; };
		6E9E49E72959F9A900BB25F7 /* ServerView.swift */ = {isa = PBXFileReference; lastKnownFileType = sourcecode.swift; path = ServerView.swift; sourceTree = "<group>"; };
		6E9E49E92959FD5A00BB25F7 /* ServerPlayers.swift */ = {isa = PBXFileReference; lastKnownFileType = sourcecode.swift; path = ServerPlayers.swift; sourceTree = "<group>"; };
		6E9E49EB295A0CC200BB25F7 /* ServerMotd.swift */ = {isa = PBXFileReference; lastKnownFileType = sourcecode.swift; path = ServerMotd.swift; sourceTree = "<group>"; };
		6EBCEC772956BBAD00D3672A /* mcviewer.app */ = {isa = PBXFileReference; explicitFileType = wrapper.application; includeInIndex = 0; path = mcviewer.app; sourceTree = BUILT_PRODUCTS_DIR; };
		6EBCEC7A2956BBAD00D3672A /* mcviewerApp.swift */ = {isa = PBXFileReference; lastKnownFileType = sourcecode.swift; path = mcviewerApp.swift; sourceTree = "<group>"; };
		6EBCEC7E2956BBAF00D3672A /* Assets.xcassets */ = {isa = PBXFileReference; lastKnownFileType = folder.assetcatalog; path = Assets.xcassets; sourceTree = "<group>"; };
		6EBCEC812956BBAF00D3672A /* Preview Assets.xcassets */ = {isa = PBXFileReference; lastKnownFileType = folder.assetcatalog; path = "Preview Assets.xcassets"; sourceTree = "<group>"; };
		6EBCEC832956BBAF00D3672A /* mcviewer.entitlements */ = {isa = PBXFileReference; lastKnownFileType = text.plist.entitlements; path = mcviewer.entitlements; sourceTree = "<group>"; };
/* End PBXFileReference section */

/* Begin PBXFrameworksBuildPhase section */
		6EBCEC742956BBAD00D3672A /* Frameworks */ = {
			isa = PBXFrameworksBuildPhase;
			buildActionMask = 2147483647;
			files = (
			);
			runOnlyForDeploymentPostprocessing = 0;
		};
/* End PBXFrameworksBuildPhase section */

/* Begin PBXGroup section */
		6E8477362956C7170025E440 /* View */ = {
			isa = PBXGroup;
			children = (
				6E8477392956C84A0025E440 /* Home.swift */,
				6E9E49E72959F9A900BB25F7 /* ServerView.swift */,
			);
			path = View;
			sourceTree = "<group>";
		};
		6E8477382956C7200025E440 /* ViewModel */ = {
			isa = PBXGroup;
			children = (
				6E847740295705A10025E440 /* AppViewModel.swift */,
			);
			path = ViewModel;
			sourceTree = "<group>";
		};
		6E9E49ED295A208500BB25F7 /* Server */ = {
			isa = PBXGroup;
			children = (
				6E9E49EB295A0CC200BB25F7 /* ServerMotd.swift */,
				6E5BAB4E29587DC7007DC369 /* Server.swift */,
				6E9E49E52959DCC900BB25F7 /* ServerDebug.swift */,
				6E9E49E92959FD5A00BB25F7 /* ServerPlayers.swift */,
			);
			path = Server;
			sourceTree = "<group>";
		};
		6E9E49EE295A20A000BB25F7 /* Utils */ = {
			isa = PBXGroup;
			children = (
				6E5BAB4C295867CF007DC369 /* Storage.swift */,
			);
			path = Utils;
			sourceTree = "<group>";
		};
		6EBCEC6E2956BBAD00D3672A = {
			isa = PBXGroup;
			children = (
				6EBCEC792956BBAD00D3672A /* mcviewer */,
				6EBCEC782956BBAD00D3672A /* Products */,
			);
			sourceTree = "<group>";
		};
		6EBCEC782956BBAD00D3672A /* Products */ = {
			isa = PBXGroup;
			children = (
				6EBCEC772956BBAD00D3672A /* mcviewer.app */,
			);
			name = Products;
			sourceTree = "<group>";
		};
		6EBCEC792956BBAD00D3672A /* mcviewer */ = {
			isa = PBXGroup;
			children = (
				6E9E49EE295A20A000BB25F7 /* Utils */,
				6E9E49ED295A208500BB25F7 /* Server */,
				6E8477382956C7200025E440 /* ViewModel */,
				6E8477362956C7170025E440 /* View */,
				6EBCEC7A2956BBAD00D3672A /* mcviewerApp.swift */,
				6EBCEC7E2956BBAF00D3672A /* Assets.xcassets */,
				6EBCEC832956BBAF00D3672A /* mcviewer.entitlements */,
				6EBCEC802956BBAF00D3672A /* Preview Content */,
			);
			path = mcviewer;
			sourceTree = "<group>";
		};
		6EBCEC802956BBAF00D3672A /* Preview Content */ = {
			isa = PBXGroup;
			children = (
				6EBCEC812956BBAF00D3672A /* Preview Assets.xcassets */,
			);
			path = "Preview Content";
			sourceTree = "<group>";
		};
/* End PBXGroup section */

/* Begin PBXNativeTarget section */
		6EBCEC762956BBAD00D3672A /* mcviewer */ = {
			isa = PBXNativeTarget;
			buildConfigurationList = 6EBCEC862956BBAF00D3672A /* Build configuration list for PBXNativeTarget "mcviewer" */;
			buildPhases = (
				6EBCEC732956BBAD00D3672A /* Sources */,
				6EBCEC742956BBAD00D3672A /* Frameworks */,
				6EBCEC752956BBAD00D3672A /* Resources */,
			);
			buildRules = (
			);
			dependencies = (
			);
			name = mcviewer;
			packageProductDependencies = (
			);
			productName = mcviewer;
			productReference = 6EBCEC772956BBAD00D3672A /* mcviewer.app */;
			productType = "com.apple.product-type.application";
		};
/* End PBXNativeTarget section */

/* Begin PBXProject section */
		6EBCEC6F2956BBAD00D3672A /* Project object */ = {
			isa = PBXProject;
			attributes = {
				BuildIndependentTargetsInParallel = 1;
				LastSwiftUpdateCheck = 1420;
				LastUpgradeCheck = 1420;
				TargetAttributes = {
					6EBCEC762956BBAD00D3672A = {
						CreatedOnToolsVersion = 14.2;
					};
				};
			};
			buildConfigurationList = 6EBCEC722956BBAD00D3672A /* Build configuration list for PBXProject "mcviewer" */;
			compatibilityVersion = "Xcode 14.0";
			developmentRegion = en;
			hasScannedForEncodings = 0;
			knownRegions = (
				en,
				Base,
			);
			mainGroup = 6EBCEC6E2956BBAD00D3672A;
			packageReferences = (
			);
			productRefGroup = 6EBCEC782956BBAD00D3672A /* Products */;
			projectDirPath = "";
			projectRoot = "";
			targets = (
				6EBCEC762956BBAD00D3672A /* mcviewer */,
			);
		};
/* End PBXProject section */

/* Begin PBXResourcesBuildPhase section */
		6EBCEC752956BBAD00D3672A /* Resources */ = {
			isa = PBXResourcesBuildPhase;
			buildActionMask = 2147483647;
			files = (
				6EBCEC822956BBAF00D3672A /* Preview Assets.xcassets in Resources */,
				6EBCEC7F2956BBAF00D3672A /* Assets.xcassets in Resources */,
			);
			runOnlyForDeploymentPostprocessing = 0;
		};
/* End PBXResourcesBuildPhase section */

/* Begin PBXSourcesBuildPhase section */
		6EBCEC732956BBAD00D3672A /* Sources */ = {
			isa = PBXSourcesBuildPhase;
			buildActionMask = 2147483647;
			files = (
				6E9E49E62959DCC900BB25F7 /* ServerDebug.swift in Sources */,
				6E84773A2956C84A0025E440 /* Home.swift in Sources */,
				6E847741295705A10025E440 /* AppViewModel.swift in Sources */,
				6E9E49EC295A0CC200BB25F7 /* ServerMotd.swift in Sources */,
				6EBCEC7B2956BBAD00D3672A /* mcviewerApp.swift in Sources */,
				6E9E49E82959F9A900BB25F7 /* ServerView.swift in Sources */,
				6E9E49EA2959FD5A00BB25F7 /* ServerPlayers.swift in Sources */,
				6E5BAB4F29587DC7007DC369 /* Server.swift in Sources */,
				6E5BAB4D295867CF007DC369 /* Storage.swift in Sources */,
			);
			runOnlyForDeploymentPostprocessing = 0;
		};
/* End PBXSourcesBuildPhase section */

/* Begin XCBuildConfiguration section */
		6EBCEC842956BBAF00D3672A /* Debug */ = {
			isa = XCBuildConfiguration;
			buildSettings = {
				ALWAYS_SEARCH_USER_PATHS = NO;
				CLANG_ANALYZER_NONNULL = YES;
				CLANG_ANALYZER_NUMBER_OBJECT_CONVERSION = YES_AGGRESSIVE;
				CLANG_CXX_LANGUAGE_STANDARD = "gnu++20";
				CLANG_ENABLE_MODULES = YES;
				CLANG_ENABLE_OBJC_ARC = YES;
				CLANG_ENABLE_OBJC_WEAK = YES;
				CLANG_WARN_BLOCK_CAPTURE_AUTORELEASING = YES;
				CLANG_WARN_BOOL_CONVERSION = YES;
				CLANG_WARN_COMMA = YES;
				CLANG_WARN_CONSTANT_CONVERSION = YES;
				CLANG_WARN_DEPRECATED_OBJC_IMPLEMENTATIONS = YES;
				CLANG_WARN_DIRECT_OBJC_ISA_USAGE = YES_ERROR;
				CLANG_WARN_DOCUMENTATION_COMMENTS = YES;
				CLANG_WARN_EMPTY_BODY = YES;
				CLANG_WARN_ENUM_CONVERSION = YES;
				CLANG_WARN_INFINITE_RECURSION = YES;
				CLANG_WARN_INT_CONVERSION = YES;
				CLANG_WARN_NON_LITERAL_NULL_CONVERSION = YES;
				CLANG_WARN_OBJC_IMPLICIT_RETAIN_SELF = YES;
				CLANG_WARN_OBJC_LITERAL_CONVERSION = YES;
				CLANG_WARN_OBJC_ROOT_CLASS = YES_ERROR;
				CLANG_WARN_QUOTED_INCLUDE_IN_FRAMEWORK_HEADER = YES;
				CLANG_WARN_RANGE_LOOP_ANALYSIS = YES;
				CLANG_WARN_STRICT_PROTOTYPES = YES;
				CLANG_WARN_SUSPICIOUS_MOVE = YES;
				CLANG_WARN_UNGUARDED_AVAILABILITY = YES_AGGRESSIVE;
				CLANG_WARN_UNREACHABLE_CODE = YES;
				CLANG_WARN__DUPLICATE_METHOD_MATCH = YES;
				COPY_PHASE_STRIP = NO;
				DEBUG_INFORMATION_FORMAT = dwarf;
				ENABLE_STRICT_OBJC_MSGSEND = YES;
				ENABLE_TESTABILITY = YES;
				GCC_C_LANGUAGE_STANDARD = gnu11;
				GCC_DYNAMIC_NO_PIC = NO;
				GCC_NO_COMMON_BLOCKS = YES;
				GCC_OPTIMIZATION_LEVEL = 0;
				GCC_PREPROCESSOR_DEFINITIONS = (
					"DEBUG=1",
					"$(inherited)",
				);
				GCC_WARN_64_TO_32_BIT_CONVERSION = YES;
				GCC_WARN_ABOUT_RETURN_TYPE = YES_ERROR;
				GCC_WARN_UNDECLARED_SELECTOR = YES;
				GCC_WARN_UNINITIALIZED_AUTOS = YES_AGGRESSIVE;
				GCC_WARN_UNUSED_FUNCTION = YES;
				GCC_WARN_UNUSED_VARIABLE = YES;
				MACOSX_DEPLOYMENT_TARGET = 13.0;
				MTL_ENABLE_DEBUG_INFO = INCLUDE_SOURCE;
				MTL_FAST_MATH = YES;
				ONLY_ACTIVE_ARCH = YES;
				SDKROOT = macosx;
				SWIFT_ACTIVE_COMPILATION_CONDITIONS = DEBUG;
				SWIFT_OPTIMIZATION_LEVEL = "-Onone";
			};
			name = Debug;
		};
		6EBCEC852956BBAF00D3672A /* Release */ = {
			isa = XCBuildConfiguration;
			buildSettings = {
				ALWAYS_SEARCH_USER_PATHS = NO;
				CLANG_ANALYZER_NONNULL = YES;
				CLANG_ANALYZER_NUMBER_OBJECT_CONVERSION = YES_AGGRESSIVE;
				CLANG_CXX_LANGUAGE_STANDARD = "gnu++20";
				CLANG_ENABLE_MODULES = YES;
				CLANG_ENABLE_OBJC_ARC = YES;
				CLANG_ENABLE_OBJC_WEAK = YES;
				CLANG_WARN_BLOCK_CAPTURE_AUTORELEASING = YES;
				CLANG_WARN_BOOL_CONVERSION = YES;
				CLANG_WARN_COMMA = YES;
				CLANG_WARN_CONSTANT_CONVERSION = YES;
				CLANG_WARN_DEPRECATED_OBJC_IMPLEMENTATIONS = YES;
				CLANG_WARN_DIRECT_OBJC_ISA_USAGE = YES_ERROR;
				CLANG_WARN_DOCUMENTATION_COMMENTS = YES;
				CLANG_WARN_EMPTY_BODY = YES;
				CLANG_WARN_ENUM_CONVERSION = YES;
				CLANG_WARN_INFINITE_RECURSION = YES;
				CLANG_WARN_INT_CONVERSION = YES;
				CLANG_WARN_NON_LITERAL_NULL_CONVERSION = YES;
				CLANG_WARN_OBJC_IMPLICIT_RETAIN_SELF = YES;
				CLANG_WARN_OBJC_LITERAL_CONVERSION = YES;
				CLANG_WARN_OBJC_ROOT_CLASS = YES_ERROR;
				CLANG_WARN_QUOTED_INCLUDE_IN_FRAMEWORK_HEADER = YES;
				CLANG_WARN_RANGE_LOOP_ANALYSIS = YES;
				CLANG_WARN_STRICT_PROTOTYPES = YES;
				CLANG_WARN_SUSPICIOUS_MOVE = YES;
				CLANG_WARN_UNGUARDED_AVAILABILITY = YES_AGGRESSIVE;
				CLANG_WARN_UNREACHABLE_CODE = YES;
				CLANG_WARN__DUPLICATE_METHOD_MATCH = YES;
				COPY_PHASE_STRIP = NO;
				DEBUG_INFORMATION_FORMAT = "dwarf-with-dsym";
				ENABLE_NS_ASSERTIONS = NO;
				ENABLE_STRICT_OBJC_MSGSEND = YES;
				GCC_C_LANGUAGE_STANDARD = gnu11;
				GCC_NO_COMMON_BLOCKS = YES;
				GCC_WARN_64_TO_32_BIT_CONVERSION = YES;
				GCC_WARN_ABOUT_RETURN_TYPE = YES_ERROR;
				GCC_WARN_UNDECLARED_SELECTOR = YES;
				GCC_WARN_UNINITIALIZED_AUTOS = YES_AGGRESSIVE;
				GCC_WARN_UNUSED_FUNCTION = YES;
				GCC_WARN_UNUSED_VARIABLE = YES;
				MACOSX_DEPLOYMENT_TARGET = 13.0;
				MTL_ENABLE_DEBUG_INFO = NO;
				MTL_FAST_MATH = YES;
				SDKROOT = macosx;
				SWIFT_COMPILATION_MODE = wholemodule;
				SWIFT_OPTIMIZATION_LEVEL = "-O";
			};
			name = Release;
		};
		6EBCEC872956BBAF00D3672A /* Debug */ = {
			isa = XCBuildConfiguration;
			buildSettings = {
				ASSETCATALOG_COMPILER_APPICON_NAME = AppIcon;
				ASSETCATALOG_COMPILER_GLOBAL_ACCENT_COLOR_NAME = AccentColor;
				CODE_SIGN_ENTITLEMENTS = mcviewer/mcviewer.entitlements;
				CODE_SIGN_STYLE = Automatic;
				COMBINE_HIDPI_IMAGES = YES;
				CURRENT_PROJECT_VERSION = 1;
				DEVELOPMENT_ASSET_PATHS = "\"mcviewer/Preview Content\"";
				ENABLE_PREVIEWS = YES;
				GENERATE_INFOPLIST_FILE = YES;
				INFOPLIST_KEY_LSUIElement = YES;
				INFOPLIST_KEY_NSHumanReadableCopyright = "";
				LD_RUNPATH_SEARCH_PATHS = (
					"$(inherited)",
					"@executable_path/../Frameworks",
				);
				MARKETING_VERSION = 1.0;
				PRODUCT_BUNDLE_IDENTIFIER = dev.hbib.mcviewer;
				PRODUCT_NAME = "$(TARGET_NAME)";
				SWIFT_EMIT_LOC_STRINGS = YES;
				SWIFT_VERSION = 5.0;
			};
			name = Debug;
		};
		6EBCEC882956BBAF00D3672A /* Release */ = {
			isa = XCBuildConfiguration;
			buildSettings = {
				ASSETCATALOG_COMPILER_APPICON_NAME = AppIcon;
				ASSETCATALOG_COMPILER_GLOBAL_ACCENT_COLOR_NAME = AccentColor;
				CODE_SIGN_ENTITLEMENTS = mcviewer/mcviewer.entitlements;
				CODE_SIGN_STYLE = Automatic;
				COMBINE_HIDPI_IMAGES = YES;
				CURRENT_PROJECT_VERSION = 1;
				DEVELOPMENT_ASSET_PATHS = "\"mcviewer/Preview Content\"";
				ENABLE_PREVIEWS = YES;
				GENERATE_INFOPLIST_FILE = YES;
				INFOPLIST_KEY_LSUIElement = YES;
				INFOPLIST_KEY_NSHumanReadableCopyright = "";
				LD_RUNPATH_SEARCH_PATHS = (
					"$(inherited)",
					"@executable_path/../Frameworks",
				);
				MARKETING_VERSION = 1.0;
				PRODUCT_BUNDLE_IDENTIFIER = dev.hbib.mcviewer;
				PRODUCT_NAME = "$(TARGET_NAME)";
				SWIFT_EMIT_LOC_STRINGS = YES;
				SWIFT_VERSION = 5.0;
			};
			name = Release;
		};
/* End XCBuildConfiguration section */

/* Begin XCConfigurationList section */
		6EBCEC722956BBAD00D3672A /* Build configuration list for PBXProject "mcviewer" */ = {
			isa = XCConfigurationList;
			buildConfigurations = (
				6EBCEC842956BBAF00D3672A /* Debug */,
				6EBCEC852956BBAF00D3672A /* Release */,
			);
			defaultConfigurationIsVisible = 0;
			defaultConfigurationName = Release;
		};
		6EBCEC862956BBAF00D3672A /* Build configuration list for PBXNativeTarget "mcviewer" */ = {
			isa = XCConfigurationList;
			buildConfigurations = (
				6EBCEC872956BBAF00D3672A /* Debug */,
				6EBCEC882956BBAF00D3672A /* Release */,
			);
			defaultConfigurationIsVisible = 0;
			defaultConfigurationName = Release;
		};
/* End XCConfigurationList section */
	};
	rootObject = 6EBCEC6F2956BBAD00D3672A /* Project object */;
}
